// !$*UTF8*$!
{
	archiveVersion = 1;
	classes = {
	};
	objectVersion = 56;
	objects = {

/* Begin PBXBuildFile section */
		E73718F929C5F5800042D583 /* AppDelegate.swift in Sources */ = {isa = PBXBuildFile; fileRef = E73718F829C5F5800042D583 /* AppDelegate.swift */; };
		E73718FB29C5F5800042D583 /* SceneDelegate.swift in Sources */ = {isa = PBXBuildFile; fileRef = E73718FA29C5F5800042D583 /* SceneDelegate.swift */; };
		E73718FD29C5F5800042D583 /* ViewController.swift in Sources */ = {isa = PBXBuildFile; fileRef = E73718FC29C5F5800042D583 /* ViewController.swift */; };
		E737190029C5F5800042D583 /* Main.storyboard in Resources */ = {isa = PBXBuildFile; fileRef = E73718FE29C5F5800042D583 /* Main.storyboard */; };
		E737190229C5F5810042D583 /* Assets.xcassets in Resources */ = {isa = PBXBuildFile; fileRef = E737190129C5F5810042D583 /* Assets.xcassets */; };
		E737190529C5F5810042D583 /* LaunchScreen.storyboard in Resources */ = {isa = PBXBuildFile; fileRef = E737190329C5F5810042D583 /* LaunchScreen.storyboard */; };
		E737191029C5F5810042D583 /* CounterTests.swift in Sources */ = {isa = PBXBuildFile; fileRef = E737190F29C5F5810042D583 /* CounterTests.swift */; };
		E737191A29C5F5810042D583 /* CounterUITests.swift in Sources */ = {isa = PBXBuildFile; fileRef = E737191929C5F5810042D583 /* CounterUITests.swift */; };
		E737191C29C5F5810042D583 /* CounterUITestsLaunchTests.swift in Sources */ = {isa = PBXBuildFile; fileRef = E737191B29C5F5810042D583 /* CounterUITestsLaunchTests.swift */; };
/* End PBXBuildFile section */

/* Begin PBXContainerItemProxy section */
		E737190C29C5F5810042D583 /* PBXContainerItemProxy */ = {
			isa = PBXContainerItemProxy;
			containerPortal = E73718ED29C5F5800042D583 /* Project object */;
			proxyType = 1;
			remoteGlobalIDString = E73718F429C5F5800042D583;
			remoteInfo = Counter;
		};
		E737191629C5F5810042D583 /* PBXContainerItemProxy */ = {
			isa = PBXContainerItemProxy;
			containerPortal = E73718ED29C5F5800042D583 /* Project object */;
			proxyType = 1;
			remoteGlobalIDString = E73718F429C5F5800042D583;
			remoteInfo = Counter;
		};
/* End PBXContainerItemProxy section */

/* Begin PBXFileReference section */
		E73718F529C5F5800042D583 /* Counter.app */ = {isa = PBXFileReference; explicitFileType = wrapper.application; includeInIndex = 0; path = Counter.app; sourceTree = BUILT_PRODUCTS_DIR; };
		E73718F829C5F5800042D583 /* AppDelegate.swift */ = {isa = PBXFileReference; lastKnownFileType = sourcecode.swift; path = AppDelegate.swift; sourceTree = "<group>"; };
		E73718FA29C5F5800042D583 /* SceneDelegate.swift */ = {isa = PBXFileReference; lastKnownFileType = sourcecode.swift; path = SceneDelegate.swift; sourceTree = "<group>"; };
		E73718FC29C5F5800042D583 /* ViewController.swift */ = {isa = PBXFileReference; lastKnownFileType = sourcecode.swift; path = ViewController.swift; sourceTree = "<group>"; };
		E73718FF29C5F5800042D583 /* Base */ = {isa = PBXFileReference; lastKnownFileType = file.storyboard; name = Base; path = Base.lproj/Main.storyboard; sourceTree = "<group>"; };
		E737190129C5F5810042D583 /* Assets.xcassets */ = {isa = PBXFileReference; lastKnownFileType = folder.assetcatalog; path = Assets.xcassets; sourceTree = "<group>"; };
		E737190429C5F5810042D583 /* Base */ = {isa = PBXFileReference; lastKnownFileType = file.storyboard; name = Base; path = Base.lproj/LaunchScreen.storyboard; sourceTree = "<group>"; };
		E737190629C5F5810042D583 /* Info.plist */ = {isa = PBXFileReference; lastKnownFileType = text.plist.xml; path = Info.plist; sourceTree = "<group>"; };
		E737190B29C5F5810042D583 /* CounterTests.xctest */ = {isa = PBXFileReference; explicitFileType = wrapper.cfbundle; includeInIndex = 0; path = CounterTests.xctest; sourceTree = BUILT_PRODUCTS_DIR; };
		E737190F29C5F5810042D583 /* CounterTests.swift */ = {isa = PBXFileReference; lastKnownFileType = sourcecode.swift; path = CounterTests.swift; sourceTree = "<group>"; };
		E737191529C5F5810042D583 /* CounterUITests.xctest */ = {isa = PBXFileReference; explicitFileType = wrapper.cfbundle; includeInIndex = 0; path = CounterUITests.xctest; sourceTree = BUILT_PRODUCTS_DIR; };
		E737191929C5F5810042D583 /* CounterUITests.swift */ = {isa = PBXFileReference; lastKnownFileType = sourcecode.swift; path = CounterUITests.swift; sourceTree = "<group>"; };
		E737191B29C5F5810042D583 /* CounterUITestsLaunchTests.swift */ = {isa = PBXFileReference; lastKnownFileType = sourcecode.swift; path = CounterUITestsLaunchTests.swift; sourceTree = "<group>"; };
/* End PBXFileReference section */

/* Begin PBXFrameworksBuildPhase section */
		E73718F229C5F5800042D583 /* Frameworks */ = {
			isa = PBXFrameworksBuildPhase;
			buildActionMask = 2147483647;
			files = (
			);
			runOnlyForDeploymentPostprocessing = 0;
		};
		E737190829C5F5810042D583 /* Frameworks */ = {
			isa = PBXFrameworksBuildPhase;
			buildActionMask = 2147483647;
			files = (
			);
			runOnlyForDeploymentPostprocessing = 0;
		};
		E737191229C5F5810042D583 /* Frameworks */ = {
			isa = PBXFrameworksBuildPhase;
			buildActionMask = 2147483647;
			files = (
			);
			runOnlyForDeploymentPostprocessing = 0;
		};
/* End PBXFrameworksBuildPhase section */

/* Begin PBXGroup section */
		E73718EC29C5F5800042D583 = {
			isa = PBXGroup;
			children = (
				E73718F729C5F5800042D583 /* Counter */,
				E737190E29C5F5810042D583 /* CounterTests */,
				E737191829C5F5810042D583 /* CounterUITests */,
				E73718F629C5F5800042D583 /* Products */,
			);
			sourceTree = "<group>";
		};
		E73718F629C5F5800042D583 /* Products */ = {
			isa = PBXGroup;
			children = (
				E73718F529C5F5800042D583 /* Counter.app */,
				E737190B29C5F5810042D583 /* CounterTests.xctest */,
				E737191529C5F5810042D583 /* CounterUITests.xctest */,
			);
			name = Products;
			sourceTree = "<group>";
		};
		E73718F729C5F5800042D583 /* Counter */ = {
			isa = PBXGroup;
			children = (
				E73718F829C5F5800042D583 /* AppDelegate.swift */,
				E73718FA29C5F5800042D583 /* SceneDelegate.swift */,
				E73718FC29C5F5800042D583 /* ViewController.swift */,
				E73718FE29C5F5800042D583 /* Main.storyboard */,
				E737190129C5F5810042D583 /* Assets.xcassets */,
				E737190329C5F5810042D583 /* LaunchScreen.storyboard */,
				E737190629C5F5810042D583 /* Info.plist */,
			);
			path = Counter;
			sourceTree = "<group>";
		};
		E737190E29C5F5810042D583 /* CounterTests */ = {
			isa = PBXGroup;
			children = (
				E737190F29C5F5810042D583 /* CounterTests.swift */,
			);
			path = CounterTests;
			sourceTree = "<group>";
		};
		E737191829C5F5810042D583 /* CounterUITests */ = {
			isa = PBXGroup;
			children = (
				E737191929C5F5810042D583 /* CounterUITests.swift */,
				E737191B29C5F5810042D583 /* CounterUITestsLaunchTests.swift */,
			);
			path = CounterUITests;
			sourceTree = "<group>";
		};
/* End PBXGroup section */

/* Begin PBXNativeTarget section */
		E73718F429C5F5800042D583 /* Counter */ = {
			isa = PBXNativeTarget;
			buildConfigurationList = E737191F29C5F5810042D583 /* Build configuration list for PBXNativeTarget "Counter" */;
			buildPhases = (
				E73718F129C5F5800042D583 /* Sources */,
				E73718F229C5F5800042D583 /* Frameworks */,
				E73718F329C5F5800042D583 /* Resources */,
			);
			buildRules = (
			);
			dependencies = (
			);
			name = Counter;
			productName = Counter;
			productReference = E73718F529C5F5800042D583 /* Counter.app */;
			productType = "com.apple.product-type.application";
		};
		E737190A29C5F5810042D583 /* CounterTests */ = {
			isa = PBXNativeTarget;
			buildConfigurationList = E737192229C5F5810042D583 /* Build configuration list for PBXNativeTarget "CounterTests" */;
			buildPhases = (
				E737190729C5F5810042D583 /* Sources */,
				E737190829C5F5810042D583 /* Frameworks */,
				E737190929C5F5810042D583 /* Resources */,
			);
			buildRules = (
			);
			dependencies = (
				E737190D29C5F5810042D583 /* PBXTargetDependency */,
			);
			name = CounterTests;
			productName = CounterTests;
			productReference = E737190B29C5F5810042D583 /* CounterTests.xctest */;
			productType = "com.apple.product-type.bundle.unit-test";
		};
		E737191429C5F5810042D583 /* CounterUITests */ = {
			isa = PBXNativeTarget;
			buildConfigurationList = E737192529C5F5810042D583 /* Build configuration list for PBXNativeTarget "CounterUITests" */;
			buildPhases = (
				E737191129C5F5810042D583 /* Sources */,
				E737191229C5F5810042D583 /* Frameworks */,
				E737191329C5F5810042D583 /* Resources */,
			);
			buildRules = (
			);
			dependencies = (
				E737191729C5F5810042D583 /* PBXTargetDependency */,
			);
			name = CounterUITests;
			productName = CounterUITests;
			productReference = E737191529C5F5810042D583 /* CounterUITests.xctest */;
			productType = "com.apple.product-type.bundle.ui-testing";
		};
/* End PBXNativeTarget section */

/* Begin PBXProject section */
		E73718ED29C5F5800042D583 /* Project object */ = {
			isa = PBXProject;
			attributes = {
				BuildIndependentTargetsInParallel = 1;
				LastSwiftUpdateCheck = 1420;
				LastUpgradeCheck = 1420;
				TargetAttributes = {
					E73718F429C5F5800042D583 = {
						CreatedOnToolsVersion = 14.2;
					};
					E737190A29C5F5810042D583 = {
						CreatedOnToolsVersion = 14.2;
						TestTargetID = E73718F429C5F5800042D583;
					};
					E737191429C5F5810042D583 = {
						CreatedOnToolsVersion = 14.2;
						TestTargetID = E73718F429C5F5800042D583;
					};
				};
			};
			buildConfigurationList = E73718F029C5F5800042D583 /* Build configuration list for PBXProject "Counter" */;
			compatibilityVersion = "Xcode 14.0";
			developmentRegion = en;
			hasScannedForEncodings = 0;
			knownRegions = (
				en,
				Base,
			);
			mainGroup = E73718EC29C5F5800042D583;
			productRefGroup = E73718F629C5F5800042D583 /* Products */;
			projectDirPath = "";
			projectRoot = "";
			targets = (
				E73718F429C5F5800042D583 /* Counter */,
				E737190A29C5F5810042D583 /* CounterTests */,
				E737191429C5F5810042D583 /* CounterUITests */,
			);
		};
/* End PBXProject section */

/* Begin PBXResourcesBuildPhase section */
		E73718F329C5F5800042D583 /* Resources */ = {
			isa = PBXResourcesBuildPhase;
			buildActionMask = 2147483647;
			files = (
				E737190529C5F5810042D583 /* LaunchScreen.storyboard in Resources */,
				E737190229C5F5810042D583 /* Assets.xcassets in Resources */,
				E737190029C5F5800042D583 /* Main.storyboard in Resources */,
			);
			runOnlyForDeploymentPostprocessing = 0;
		};
		E737190929C5F5810042D583 /* Resources */ = {
			isa = PBXResourcesBuildPhase;
			buildActionMask = 2147483647;
			files = (
			);
			runOnlyForDeploymentPostprocessing = 0;
		};
		E737191329C5F5810042D583 /* Resources */ = {
			isa = PBXResourcesBuildPhase;
			buildActionMask = 2147483647;
			files = (
			);
			runOnlyForDeploymentPostprocessing = 0;
		};
/* End PBXResourcesBuildPhase section */

/* Begin PBXSourcesBuildPhase section */
		E73718F129C5F5800042D583 /* Sources */ = {
			isa = PBXSourcesBuildPhase;
			buildActionMask = 2147483647;
			files = (
				E73718FD29C5F5800042D583 /* ViewController.swift in Sources */,
				E73718F929C5F5800042D583 /* AppDelegate.swift in Sources */,
				E73718FB29C5F5800042D583 /* SceneDelegate.swift in Sources */,
			);
			runOnlyForDeploymentPostprocessing = 0;
		};
		E737190729C5F5810042D583 /* Sources */ = {
			isa = PBXSourcesBuildPhase;
			buildActionMask = 2147483647;
			files = (
				E737191029C5F5810042D583 /* CounterTests.swift in Sources */,
			);
			runOnlyForDeploymentPostprocessing = 0;
		};
		E737191129C5F5810042D583 /* Sources */ = {
			isa = PBXSourcesBuildPhase;
			buildActionMask = 2147483647;
			files = (
				E737191A29C5F5810042D583 /* CounterUITests.swift in Sources */,
				E737191C29C5F5810042D583 /* CounterUITestsLaunchTests.swift in Sources */,
			);
			runOnlyForDeploymentPostprocessing = 0;
		};
/* End PBXSourcesBuildPhase section */

/* Begin PBXTargetDependency section */
		E737190D29C5F5810042D583 /* PBXTargetDependency */ = {
			isa = PBXTargetDependency;
			target = E73718F429C5F5800042D583 /* Counter */;
			targetProxy = E737190C29C5F5810042D583 /* PBXContainerItemProxy */;
		};
		E737191729C5F5810042D583 /* PBXTargetDependency */ = {
			isa = PBXTargetDependency;
			target = E73718F429C5F5800042D583 /* Counter */;
			targetProxy = E737191629C5F5810042D583 /* PBXContainerItemProxy */;
		};
/* End PBXTargetDependency section */

/* Begin PBXVariantGroup section */
		E73718FE29C5F5800042D583 /* Main.storyboard */ = {
			isa = PBXVariantGroup;
			children = (
				E73718FF29C5F5800042D583 /* Base */,
			);
			name = Main.storyboard;
			sourceTree = "<group>";
		};
		E737190329C5F5810042D583 /* LaunchScreen.storyboard */ = {
			isa = PBXVariantGroup;
			children = (
				E737190429C5F5810042D583 /* Base */,
			);
			name = LaunchScreen.storyboard;
			sourceTree = "<group>";
		};
/* End PBXVariantGroup section */

/* Begin XCBuildConfiguration section */
		E737191D29C5F5810042D583 /* Debug */ = {
			isa = XCBuildConfiguration;
			buildSettings = {
				ALWAYS_SEARCH_USER_PATHS = NO;
				CLANG_ANALYZER_NONNULL = YES;
				CLANG_ANALYZER_NUMBER_OBJECT_CONVERSION = YES_AGGRESSIVE;
				CLANG_CXX_LANGUAGE_STANDARD = "gnu++20";
				CLANG_ENABLE_MODULES = YES;
				CLANG_ENABLE_OBJC_ARC = YES;
				CLANG_ENABLE_OBJC_WEAK = YES;
				CLANG_WARN_BLOCK_CAPTURE_AUTORELEASING = YES;
				CLANG_WARN_BOOL_CONVERSION = YES;
				CLANG_WARN_COMMA = YES;
				CLANG_WARN_CONSTANT_CONVERSION = YES;
				CLANG_WARN_DEPRECATED_OBJC_IMPLEMENTATIONS = YES;
				CLANG_WARN_DIRECT_OBJC_ISA_USAGE = YES_ERROR;
				CLANG_WARN_DOCUMENTATION_COMMENTS = YES;
				CLANG_WARN_EMPTY_BODY = YES;
				CLANG_WARN_ENUM_CONVERSION = YES;
				CLANG_WARN_INFINITE_RECURSION = YES;
				CLANG_WARN_INT_CONVERSION = YES;
				CLANG_WARN_NON_LITERAL_NULL_CONVERSION = YES;
				CLANG_WARN_OBJC_IMPLICIT_RETAIN_SELF = YES;
				CLANG_WARN_OBJC_LITERAL_CONVERSION = YES;
				CLANG_WARN_OBJC_ROOT_CLASS = YES_ERROR;
				CLANG_WARN_QUOTED_INCLUDE_IN_FRAMEWORK_HEADER = YES;
				CLANG_WARN_RANGE_LOOP_ANALYSIS = YES;
				CLANG_WARN_STRICT_PROTOTYPES = YES;
				CLANG_WARN_SUSPICIOUS_MOVE = YES;
				CLANG_WARN_UNGUARDED_AVAILABILITY = YES_AGGRESSIVE;
				CLANG_WARN_UNREACHABLE_CODE = YES;
				CLANG_WARN__DUPLICATE_METHOD_MATCH = YES;
				COPY_PHASE_STRIP = NO;
				DEBUG_INFORMATION_FORMAT = dwarf;
				ENABLE_STRICT_OBJC_MSGSEND = YES;
				ENABLE_TESTABILITY = YES;
				GCC_C_LANGUAGE_STANDARD = gnu11;
				GCC_DYNAMIC_NO_PIC = NO;
				GCC_NO_COMMON_BLOCKS = YES;
				GCC_OPTIMIZATION_LEVEL = 0;
				GCC_PREPROCESSOR_DEFINITIONS = (
					"DEBUG=1",
					"$(inherited)",
				);
				GCC_WARN_64_TO_32_BIT_CONVERSION = YES;
				GCC_WARN_ABOUT_RETURN_TYPE = YES_ERROR;
				GCC_WARN_UNDECLARED_SELECTOR = YES;
				GCC_WARN_UNINITIALIZED_AUTOS = YES_AGGRESSIVE;
				GCC_WARN_UNUSED_FUNCTION = YES;
				GCC_WARN_UNUSED_VARIABLE = YES;
				IPHONEOS_DEPLOYMENT_TARGET = 16.2;
				MTL_ENABLE_DEBUG_INFO = INCLUDE_SOURCE;
				MTL_FAST_MATH = YES;
				ONLY_ACTIVE_ARCH = YES;
				SDKROOT = iphoneos;
				SWIFT_ACTIVE_COMPILATION_CONDITIONS = DEBUG;
				SWIFT_OPTIMIZATION_LEVEL = "-Onone";
			};
			name = Debug;
		};
		E737191E29C5F5810042D583 /* Release */ = {
			isa = XCBuildConfiguration;
			buildSettings = {
				ALWAYS_SEARCH_USER_PATHS = NO;
				CLANG_ANALYZER_NONNULL = YES;
				CLANG_ANALYZER_NUMBER_OBJECT_CONVERSION = YES_AGGRESSIVE;
				CLANG_CXX_LANGUAGE_STANDARD = "gnu++20";
				CLANG_ENABLE_MODULES = YES;
				CLANG_ENABLE_OBJC_ARC = YES;
				CLANG_ENABLE_OBJC_WEAK = YES;
				CLANG_WARN_BLOCK_CAPTURE_AUTORELEASING = YES;
				CLANG_WARN_BOOL_CONVERSION = YES;
				CLANG_WARN_COMMA = YES;
				CLANG_WARN_CONSTANT_CONVERSION = YES;
				CLANG_WARN_DEPRECATED_OBJC_IMPLEMENTATIONS = YES;
				CLANG_WARN_DIRECT_OBJC_ISA_USAGE = YES_ERROR;
				CLANG_WARN_DOCUMENTATION_COMMENTS = YES;
				CLANG_WARN_EMPTY_BODY = YES;
				CLANG_WARN_ENUM_CONVERSION = YES;
				CLANG_WARN_INFINITE_RECURSION = YES;
				CLANG_WARN_INT_CONVERSION = YES;
				CLANG_WARN_NON_LITERAL_NULL_CONVERSION = YES;
				CLANG_WARN_OBJC_IMPLICIT_RETAIN_SELF = YES;
				CLANG_WARN_OBJC_LITERAL_CONVERSION = YES;
				CLANG_WARN_OBJC_ROOT_CLASS = YES_ERROR;
				CLANG_WARN_QUOTED_INCLUDE_IN_FRAMEWORK_HEADER = YES;
				CLANG_WARN_RANGE_LOOP_ANALYSIS = YES;
				CLANG_WARN_STRICT_PROTOTYPES = YES;
				CLANG_WARN_SUSPICIOUS_MOVE = YES;
				CLANG_WARN_UNGUARDED_AVAILABILITY = YES_AGGRESSIVE;
				CLANG_WARN_UNREACHABLE_CODE = YES;
				CLANG_WARN__DUPLICATE_METHOD_MATCH = YES;
				COPY_PHASE_STRIP = NO;
				DEBUG_INFORMATION_FORMAT = "dwarf-with-dsym";
				ENABLE_NS_ASSERTIONS = NO;
				ENABLE_STRICT_OBJC_MSGSEND = YES;
				GCC_C_LANGUAGE_STANDARD = gnu11;
				GCC_NO_COMMON_BLOCKS = YES;
				GCC_WARN_64_TO_32_BIT_CONVERSION = YES;
				GCC_WARN_ABOUT_RETURN_TYPE = YES_ERROR;
				GCC_WARN_UNDECLARED_SELECTOR = YES;
				GCC_WARN_UNINITIALIZED_AUTOS = YES_AGGRESSIVE;
				GCC_WARN_UNUSED_FUNCTION = YES;
				GCC_WARN_UNUSED_VARIABLE = YES;
				IPHONEOS_DEPLOYMENT_TARGET = 16.2;
				MTL_ENABLE_DEBUG_INFO = NO;
				MTL_FAST_MATH = YES;
				SDKROOT = iphoneos;
				SWIFT_COMPILATION_MODE = wholemodule;
				SWIFT_OPTIMIZATION_LEVEL = "-O";
				VALIDATE_PRODUCT = YES;
			};
			name = Release;
		};
		E737192029C5F5810042D583 /* Debug */ = {
			isa = XCBuildConfiguration;
			buildSettings = {
				ASSETCATALOG_COMPILER_APPICON_NAME = AppIcon;
				ASSETCATALOG_COMPILER_GLOBAL_ACCENT_COLOR_NAME = AccentColor;
				CODE_SIGN_STYLE = Automatic;
				CURRENT_PROJECT_VERSION = 1;
				GENERATE_INFOPLIST_FILE = YES;
				INFOPLIST_FILE = Counter/Info.plist;
				INFOPLIST_KEY_UIApplicationSupportsIndirectInputEvents = YES;
				INFOPLIST_KEY_UILaunchStoryboardName = LaunchScreen;
				INFOPLIST_KEY_UIMainStoryboardFile = Main;
				INFOPLIST_KEY_UISupportedInterfaceOrientations_iPad = "UIInterfaceOrientationPortrait UIInterfaceOrientationPortraitUpsideDown UIInterfaceOrientationLandscapeLeft UIInterfaceOrientationLandscapeRight";
				INFOPLIST_KEY_UISupportedInterfaceOrientations_iPhone = "UIInterfaceOrientationPortrait UIInterfaceOrientationLandscapeLeft UIInterfaceOrientationLandscapeRight";
				LD_RUNPATH_SEARCH_PATHS = (
					"$(inherited)",
					"@executable_path/Frameworks",
				);
				MARKETING_VERSION = 1.0;
				PRODUCT_BUNDLE_IDENTIFIER = test.Counter;
				PRODUCT_NAME = "$(TARGET_NAME)";
				SWIFT_EMIT_LOC_STRINGS = YES;
				SWIFT_VERSION = 5.0;
				TARGETED_DEVICE_FAMILY = "1,2";
			};
			name = Debug;
		};
		E737192129C5F5810042D583 /* Release */ = {
			isa = XCBuildConfiguration;
			buildSettings = {
				ASSETCATALOG_COMPILER_APPICON_NAME = AppIcon;
				ASSETCATALOG_COMPILER_GLOBAL_ACCENT_COLOR_NAME = AccentColor;
				CODE_SIGN_STYLE = Automatic;
				CURRENT_PROJECT_VERSION = 1;
				GENERATE_INFOPLIST_FILE = YES;
				INFOPLIST_FILE = Counter/Info.plist;
				INFOPLIST_KEY_UIApplicationSupportsIndirectInputEvents = YES;
				INFOPLIST_KEY_UILaunchStoryboardName = LaunchScreen;
				INFOPLIST_KEY_UIMainStoryboardFile = Main;
				INFOPLIST_KEY_UISupportedInterfaceOrientations_iPad = "UIInterfaceOrientationPortrait UIInterfaceOrientationPortraitUpsideDown UIInterfaceOrientationLandscapeLeft UIInterfaceOrientationLandscapeRight";
				INFOPLIST_KEY_UISupportedInterfaceOrientations_iPhone = "UIInterfaceOrientationPortrait UIInterfaceOrientationLandscapeLeft UIInterfaceOrientationLandscapeRight";
				LD_RUNPATH_SEARCH_PATHS = (
					"$(inherited)",
					"@executable_path/Frameworks",
				);
				MARKETING_VERSION = 1.0;
				PRODUCT_BUNDLE_IDENTIFIER = test.Counter;
				PRODUCT_NAME = "$(TARGET_NAME)";
				SWIFT_EMIT_LOC_STRINGS = YES;
				SWIFT_VERSION = 5.0;
				TARGETED_DEVICE_FAMILY = "1,2";
			};
			name = Release;
		};
		E737192329C5F5810042D583 /* Debug */ = {
			isa = XCBuildConfiguration;
			buildSettings = {
				ALWAYS_EMBED_SWIFT_STANDARD_LIBRARIES = YES;
				BUNDLE_LOADER = "$(TEST_HOST)";
				CODE_SIGN_STYLE = Automatic;
				CURRENT_PROJECT_VERSION = 1;
				GENERATE_INFOPLIST_FILE = YES;
				IPHONEOS_DEPLOYMENT_TARGET = 16.2;
				MARKETING_VERSION = 1.0;
				PRODUCT_BUNDLE_IDENTIFIER = test.CounterTests;
				PRODUCT_NAME = "$(TARGET_NAME)";
				SWIFT_EMIT_LOC_STRINGS = NO;
				SWIFT_VERSION = 5.0;
				TARGETED_DEVICE_FAMILY = "1,2";
				TEST_HOST = "$(BUILT_PRODUCTS_DIR)/Counter.app/$(BUNDLE_EXECUTABLE_FOLDER_PATH)/Counter";
			};
			name = Debug;
		};
		E737192429C5F5810042D583 /* Release */ = {
			isa = XCBuildConfiguration;
			buildSettings = {
				ALWAYS_EMBED_SWIFT_STANDARD_LIBRARIES = YES;
				BUNDLE_LOADER = "$(TEST_HOST)";
				CODE_SIGN_STYLE = Automatic;
				CURRENT_PROJECT_VERSION = 1;
				GENERATE_INFOPLIST_FILE = YES;
				IPHONEOS_DEPLOYMENT_TARGET = 16.2;
				MARKETING_VERSION = 1.0;
				PRODUCT_BUNDLE_IDENTIFIER = test.CounterTests;
				PRODUCT_NAME = "$(TARGET_NAME)";
				SWIFT_EMIT_LOC_STRINGS = NO;
				SWIFT_VERSION = 5.0;
				TARGETED_DEVICE_FAMILY = "1,2";
				TEST_HOST = "$(BUILT_PRODUCTS_DIR)/Counter.app/$(BUNDLE_EXECUTABLE_FOLDER_PATH)/Counter";
			};
			name = Release;
		};
		E737192629C5F5810042D583 /* Debug */ = {
			isa = XCBuildConfiguration;
			buildSettings = {
				ALWAYS_EMBED_SWIFT_STANDARD_LIBRARIES = YES;
				CODE_SIGN_STYLE = Automatic;
				CURRENT_PROJECT_VERSION = 1;
				GENERATE_INFOPLIST_FILE = YES;
				MARKETING_VERSION = 1.0;
				PRODUCT_BUNDLE_IDENTIFIER = test.CounterUITests;
				PRODUCT_NAME = "$(TARGET_NAME)";
				SWIFT_EMIT_LOC_STRINGS = NO;
				SWIFT_VERSION = 5.0;
				TARGETED_DEVICE_FAMILY = "1,2";
				TEST_TARGET_NAME = Counter;
			};
			name = Debug;
		};
		E737192729C5F5810042D583 /* Release */ = {
			isa = XCBuildConfiguration;
			buildSettings = {
				ALWAYS_EMBED_SWIFT_STANDARD_LIBRARIES = YES;
				CODE_SIGN_STYLE = Automatic;
				CURRENT_PROJECT_VERSION = 1;
				GENERATE_INFOPLIST_FILE = YES;
				MARKETING_VERSION = 1.0;
				PRODUCT_BUNDLE_IDENTIFIER = test.CounterUITests;
				PRODUCT_NAME = "$(TARGET_NAME)";
				SWIFT_EMIT_LOC_STRINGS = NO;
				SWIFT_VERSION = 5.0;
				TARGETED_DEVICE_FAMILY = "1,2";
				TEST_TARGET_NAME = Counter;
			};
			name = Release;
		};
/* End XCBuildConfiguration section */

/* Begin XCConfigurationList section */
		E73718F029C5F5800042D583 /* Build configuration list for PBXProject "Counter" */ = {
			isa = XCConfigurationList;
			buildConfigurations = (
				E737191D29C5F5810042D583 /* Debug */,
				E737191E29C5F5810042D583 /* Release */,
			);
			defaultConfigurationIsVisible = 0;
			defaultConfigurationName = Release;
		};
		E737191F29C5F5810042D583 /* Build configuration list for PBXNativeTarget "Counter" */ = {
			isa = XCConfigurationList;
			buildConfigurations = (
				E737192029C5F5810042D583 /* Debug */,
				E737192129C5F5810042D583 /* Release */,
			);
			defaultConfigurationIsVisible = 0;
			defaultConfigurationName = Release;
		};
		E737192229C5F5810042D583 /* Build configuration list for PBXNativeTarget "CounterTests" */ = {
			isa = XCConfigurationList;
			buildConfigurations = (
				E737192329C5F5810042D583 /* Debug */,
				E737192429C5F5810042D583 /* Release */,
			);
			defaultConfigurationIsVisible = 0;
			defaultConfigurationName = Release;
		};
		E737192529C5F5810042D583 /* Build configuration list for PBXNativeTarget "CounterUITests" */ = {
			isa = XCConfigurationList;
			buildConfigurations = (
				E737192629C5F5810042D583 /* Debug */,
				E737192729C5F5810042D583 /* Release */,
			);
			defaultConfigurationIsVisible = 0;
			defaultConfigurationName = Release;
		};
/* End XCConfigurationList section */
	};
	rootObject = E73718ED29C5F5800042D583 /* Project object */;
}
